
Microsoft Visual Studio Solution File, Format Version 12.00
# Visual Studio Version 17
VisualStudioVersion = 17.6.33815.320
MinimumVisualStudioVersion = 10.0.40219.1
Project("{9A19103F-16F7-4668-BE54-9A1E7A4F7556}") = "StockMarket.Entities", "StockMarket.Entities\StockMarket.Entities.csproj", "{B0CE66A0-13D0-4171-9B04-FA69F71E49E8}"
EndProject
Project("{9A19103F-16F7-4668-BE54-9A1E7A4F7556}") = "StockMarket.DataAccess", "StockMarket.DataAccess\StockMarket.DataAccess.csproj", "{974BB8CB-BEF9-4754-B311-EACCB9E940B8}"
EndProject
Project("{9A19103F-16F7-4668-BE54-9A1E7A4F7556}") = "StockMarket.Business", "StockMarket.Business\StockMarket.Business.csproj", "{4BEE6CC1-378B-4008-BC42-84117D8DDAD4}"
EndProject
Project("{9A19103F-16F7-4668-BE54-9A1E7A4F7556}") = "StockMarket.DataTransferObject", "StockMarket.DataTransferObject\StockMarket.DataTransferObject.csproj", "{018437D6-F8E3-4DA6-88B4-1020B0C797CB}"
EndProject
Project("{9A19103F-16F7-4668-BE54-9A1E7A4F7556}") = "StockMarket.Presentation", "StockMarket.Presentation\StockMarket.Presentation.csproj", "{3BFE9907-D029-4CEE-AC76-E9E14CE938FD}"
EndProject
Project("{FAE04EC0-301F-11D3-BF4B-00C04F79EFBC}") = "StockMarket.API", "StockMarket.API\StockMarket.API.csproj", "{80D630AF-EAD9-4EA6-8DF3-EB29F812F422}"
EndProject
Global
	GlobalSection(SolutionConfigurationPlatforms) = preSolution
		Debug|Any CPU = Debug|Any CPU
		Release|Any CPU = Release|Any CPU
	EndGlobalSection
	GlobalSection(ProjectConfigurationPlatforms) = postSolution
		{B0CE66A0-13D0-4171-9B04-FA69F71E49E8}.Debug|Any CPU.ActiveCfg = Debug|Any CPU
		{B0CE66A0-13D0-4171-9B04-FA69F71E49E8}.Debug|Any CPU.Build.0 = Debug|Any CPU
		{B0CE66A0-13D0-4171-9B04-FA69F71E49E8}.Release|Any CPU.ActiveCfg = Release|Any CPU
		{B0CE66A0-13D0-4171-9B04-FA69F71E49E8}.Release|Any CPU.Build.0 = Release|Any CPU
		{974BB8CB-BEF9-4754-B311-EACCB9E940B8}.Debug|Any CPU.ActiveCfg = Debug|Any CPU
		{974BB8CB-BEF9-4754-B311-EACCB9E940B8}.Debug|Any CPU.Build.0 = Debug|Any CPU
		{974BB8CB-BEF9-4754-B311-EACCB9E940B8}.Release|Any CPU.ActiveCfg = Release|Any CPU
		{974BB8CB-BEF9-4754-B311-EACCB9E940B8}.Release|Any CPU.Build.0 = Release|Any CPU
		{4BEE6CC1-378B-4008-BC42-84117D8DDAD4}.Debug|Any CPU.ActiveCfg = Debug|Any CPU
		{4BEE6CC1-378B-4008-BC42-84117D8DDAD4}.Debug|Any CPU.Build.0 = Debug|Any CPU
		{4BEE6CC1-378B-4008-BC42-84117D8DDAD4}.Release|Any CPU.ActiveCfg = Release|Any CPU
		{4BEE6CC1-378B-4008-BC42-84117D8DDAD4}.Release|Any CPU.Build.0 = Release|Any CPU
		{018437D6-F8E3-4DA6-88B4-1020B0C797CB}.Debug|Any CPU.ActiveCfg = Debug|Any CPU
		{018437D6-F8E3-4DA6-88B4-1020B0C797CB}.Debug|Any CPU.Build.0 = Debug|Any CPU
		{018437D6-F8E3-4DA6-88B4-1020B0C797CB}.Release|Any CPU.ActiveCfg = Release|Any CPU
		{018437D6-F8E3-4DA6-88B4-1020B0C797CB}.Release|Any CPU.Build.0 = Release|Any CPU
		{3BFE9907-D029-4CEE-AC76-E9E14CE938FD}.Debug|Any CPU.ActiveCfg = Debug|Any CPU
		{3BFE9907-D029-4CEE-AC76-E9E14CE938FD}.Debug|Any CPU.Build.0 = Debug|Any CPU
		{3BFE9907-D029-4CEE-AC76-E9E14CE938FD}.Release|Any CPU.ActiveCfg = Release|Any CPU
		{3BFE9907-D029-4CEE-AC76-E9E14CE938FD}.Release|Any CPU.Build.0 = Release|Any CPU
		{80D630AF-EAD9-4EA6-8DF3-EB29F812F422}.Debug|Any CPU.ActiveCfg = Debug|Any CPU
		{80D630AF-EAD9-4EA6-8DF3-EB29F812F422}.Debug|Any CPU.Build.0 = Debug|Any CPU
		{80D630AF-EAD9-4EA6-8DF3-EB29F812F422}.Release|Any CPU.ActiveCfg = Release|Any CPU
		{80D630AF-EAD9-4EA6-8DF3-EB29F812F422}.Release|Any CPU.Build.0 = Release|Any CPU
	EndGlobalSection
	GlobalSection(SolutionProperties) = preSolution
		HideSolutionNode = FALSE
	EndGlobalSection
	GlobalSection(ExtensibilityGlobals) = postSolution
		SolutionGuid = {CF01E978-064F-4C5A-8534-2263A4BF5655}
	EndGlobalSection
EndGlobal
